
Microsoft Visual Studio Solution File, Format Version 12.00
# Visual Studio 15
VisualStudioVersion = 15.0.28010.2016
MinimumVisualStudioVersion = 10.0.40219.1
Project("{FAE04EC0-301F-11D3-BF4B-00C04F79EFBC}") = "AutoCreateSN", "AutoCreateSN\AutoCreateSN.csproj", "{BCDCC1EF-9636-4416-99C8-C50D9329B562}"
EndProject
Global
	GlobalSection(SolutionConfigurationPlatforms) = preSolution
		Debug|Any CPU = Debug|Any CPU
		Release|Any CPU = Release|Any CPU
	EndGlobalSection
	GlobalSection(ProjectConfigurationPlatforms) = postSolution
		{BCDCC1EF-9636-4416-99C8-C50D9329B562}.Debug|Any CPU.ActiveCfg = Debug|Any CPU
		{BCDCC1EF-9636-4416-99C8-C50D9329B562}.Debug|Any CPU.Build.0 = Debug|Any CPU
		{BCDCC1EF-9636-4416-99C8-C50D9329B562}.Release|Any CPU.ActiveCfg = Release|Any CPU
		{BCDCC1EF-9636-4416-99C8-C50D9329B562}.Release|Any CPU.Build.0 = Release|Any CPU
	EndGlobalSection
	GlobalSection(SolutionProperties) = preSolution
		HideSolutionNode = FALSE
	EndGlobalSection
	GlobalSection(ExtensibilityGlobals) = postSolution
		SolutionGuid = {5A238420-EAA9-4678-9A33-E59E6136831A}
	EndGlobalSection
EndGlobal
